
Microsoft Visual Studio Solution File, Format Version 12.00
# Visual Studio 15
VisualStudioVersion = 15.0.28010.2003
MinimumVisualStudioVersion = 10.0.40219.1
Project("{FAE04EC0-301F-11D3-BF4B-00C04F79EFBC}") = "RestaurantNew", "RestaurantNew\RestaurantNew.csproj", "{FE7B9468-D19F-45D4-9CEA-81D167B08329}"
EndProject
Global
	GlobalSection(SolutionConfigurationPlatforms) = preSolution
		Debug|Any CPU = Debug|Any CPU
		Release|Any CPU = Release|Any CPU
	EndGlobalSection
	GlobalSection(ProjectConfigurationPlatforms) = postSolution
		{FE7B9468-D19F-45D4-9CEA-81D167B08329}.Debug|Any CPU.ActiveCfg = Debug|Any CPU
		{FE7B9468-D19F-45D4-9CEA-81D167B08329}.Debug|Any CPU.Build.0 = Debug|Any CPU
		{FE7B9468-D19F-45D4-9CEA-81D167B08329}.Release|Any CPU.ActiveCfg = Release|Any CPU
		{FE7B9468-D19F-45D4-9CEA-81D167B08329}.Release|Any CPU.Build.0 = Release|Any CPU
	EndGlobalSection
	GlobalSection(SolutionProperties) = preSolution
		HideSolutionNode = FALSE
	EndGlobalSection
	GlobalSection(ExtensibilityGlobals) = postSolution
		SolutionGuid = {779A8DEA-F61A-406B-BC57-1C692C88E7C7}
	EndGlobalSection
EndGlobal
